
Microsoft Visual Studio Solution File, Format Version 12.00
# Visual Studio 14
VisualStudioVersion = 14.0.23107.0
MinimumVisualStudioVersion = 10.0.40219.1
Project("{FAE04EC0-301F-11D3-BF4B-00C04F79EFBC}") = "Vista", "Vista\Vista.csproj", "{AF6202BB-500D-4C27-A7DE-294FA497F296}"
EndProject
Project("{FAE04EC0-301F-11D3-BF4B-00C04F79EFBC}") = "Datos", "Datos\Datos.csproj", "{5C3165DB-72C6-4ADE-8722-E38E3A87F487}"
EndProject
Global
	GlobalSection(SolutionConfigurationPlatforms) = preSolution
		Debug|Any CPU = Debug|Any CPU
		Release|Any CPU = Release|Any CPU
	EndGlobalSection
	GlobalSection(ProjectConfigurationPlatforms) = postSolution
		{AF6202BB-500D-4C27-A7DE-294FA497F296}.Debug|Any CPU.ActiveCfg = Debug|Any CPU
		{AF6202BB-500D-4C27-A7DE-294FA497F296}.Debug|Any CPU.Build.0 = Debug|Any CPU
		{AF6202BB-500D-4C27-A7DE-294FA497F296}.Release|Any CPU.ActiveCfg = Release|Any CPU
		{AF6202BB-500D-4C27-A7DE-294FA497F296}.Release|Any CPU.Build.0 = Release|Any CPU
		{5C3165DB-72C6-4ADE-8722-E38E3A87F487}.Debug|Any CPU.ActiveCfg = Debug|Any CPU
		{5C3165DB-72C6-4ADE-8722-E38E3A87F487}.Debug|Any CPU.Build.0 = Debug|Any CPU
		{5C3165DB-72C6-4ADE-8722-E38E3A87F487}.Release|Any CPU.ActiveCfg = Release|Any CPU
		{5C3165DB-72C6-4ADE-8722-E38E3A87F487}.Release|Any CPU.Build.0 = Release|Any CPU
	EndGlobalSection
	GlobalSection(SolutionProperties) = preSolution
		HideSolutionNode = FALSE
	EndGlobalSection
EndGlobal
